
Microsoft Visual Studio Solution File, Format Version 12.00
# Visual Studio Version 17
VisualStudioVersion = 17.14.36203.30 d17.14
MinimumVisualStudioVersion = 10.0.40219.1
Project("{FAE04EC0-301F-11D3-BF4B-00C04F79EFBC}") = "OmikujiConsoleApp", "OmikujiConsoleApp.csproj", "{42679B93-79FE-4E43-998E-1D8C54DDE825}"
EndProject
Global
	GlobalSection(SolutionConfigurationPlatforms) = preSolution
		Debug|Any CPU = Debug|Any CPU
		Release|Any CPU = Release|Any CPU
	EndGlobalSection
	GlobalSection(ProjectConfigurationPlatforms) = postSolution
		{42679B93-79FE-4E43-998E-1D8C54DDE825}.Debug|Any CPU.ActiveCfg = Debug|Any CPU
		{42679B93-79FE-4E43-998E-1D8C54DDE825}.Debug|Any CPU.Build.0 = Debug|Any CPU
		{42679B93-79FE-4E43-998E-1D8C54DDE825}.Release|Any CPU.ActiveCfg = Release|Any CPU
		{42679B93-79FE-4E43-998E-1D8C54DDE825}.Release|Any CPU.Build.0 = Release|Any CPU
	EndGlobalSection
	GlobalSection(SolutionProperties) = preSolution
		HideSolutionNode = FALSE
	EndGlobalSection
	GlobalSection(ExtensibilityGlobals) = postSolution
		SolutionGuid = {3E3AF8E6-B293-44B3-8CE4-2D5B23ED758D}
	EndGlobalSection
EndGlobal
